
Microsoft Visual Studio Solution File, Format Version 12.00
# Visual Studio 15
VisualStudioVersion = 15.0.28307.539
MinimumVisualStudioVersion = 10.0.40219.1
Project("{FAE04EC0-301F-11D3-BF4B-00C04F79EFBC}") = "Main", "Main\Main.csproj", "{83BFE740-3DB8-4417-BBC1-D7D6B9F71FA0}"
EndProject
Project("{FAE04EC0-301F-11D3-BF4B-00C04F79EFBC}") = "DigiLogKafka", "DigiLogKafka\DigiLogKafka.csproj", "{984EC8C7-A9A6-4C69-950E-9042EA54752B}"
EndProject
Project("{FAE04EC0-301F-11D3-BF4B-00C04F79EFBC}") = "MainForm", "MainForm\MainForm.csproj", "{5FB384D8-ACB4-442A-8276-D3D0650D8C71}"
EndProject
Global
	GlobalSection(SolutionConfigurationPlatforms) = preSolution
		Debug|Any CPU = Debug|Any CPU
		Release|Any CPU = Release|Any CPU
	EndGlobalSection
	GlobalSection(ProjectConfigurationPlatforms) = postSolution
		{83BFE740-3DB8-4417-BBC1-D7D6B9F71FA0}.Debug|Any CPU.ActiveCfg = Debug|Any CPU
		{83BFE740-3DB8-4417-BBC1-D7D6B9F71FA0}.Debug|Any CPU.Build.0 = Debug|Any CPU
		{83BFE740-3DB8-4417-BBC1-D7D6B9F71FA0}.Release|Any CPU.ActiveCfg = Release|Any CPU
		{83BFE740-3DB8-4417-BBC1-D7D6B9F71FA0}.Release|Any CPU.Build.0 = Release|Any CPU
		{984EC8C7-A9A6-4C69-950E-9042EA54752B}.Debug|Any CPU.ActiveCfg = Debug|Any CPU
		{984EC8C7-A9A6-4C69-950E-9042EA54752B}.Debug|Any CPU.Build.0 = Debug|Any CPU
		{984EC8C7-A9A6-4C69-950E-9042EA54752B}.Release|Any CPU.ActiveCfg = Release|Any CPU
		{984EC8C7-A9A6-4C69-950E-9042EA54752B}.Release|Any CPU.Build.0 = Release|Any CPU
		{5FB384D8-ACB4-442A-8276-D3D0650D8C71}.Debug|Any CPU.ActiveCfg = Debug|Any CPU
		{5FB384D8-ACB4-442A-8276-D3D0650D8C71}.Debug|Any CPU.Build.0 = Debug|Any CPU
		{5FB384D8-ACB4-442A-8276-D3D0650D8C71}.Release|Any CPU.ActiveCfg = Release|Any CPU
		{5FB384D8-ACB4-442A-8276-D3D0650D8C71}.Release|Any CPU.Build.0 = Release|Any CPU
	EndGlobalSection
	GlobalSection(SolutionProperties) = preSolution
		HideSolutionNode = FALSE
	EndGlobalSection
	GlobalSection(ExtensibilityGlobals) = postSolution
		SolutionGuid = {2E97E2FF-3F2E-4D25-B7A5-6B3692EA51E2}
	EndGlobalSection
EndGlobal
