
Microsoft Visual Studio Solution File, Format Version 12.00
# Visual Studio 15
VisualStudioVersion = 15.0.28307.168
MinimumVisualStudioVersion = 10.0.40219.1
Project("{FAE04EC0-301F-11D3-BF4B-00C04F79EFBC}") = "KafkaConsumerClient", "KafkaConsumerClient\KafkaConsumerClient.csproj", "{881AA896-38DE-4AD0-86C0-D786B01CEEEE}"
EndProject
Project("{FAE04EC0-301F-11D3-BF4B-00C04F79EFBC}") = "KafkaProducerClient", "KafkaProducerClient\KafkaProducerClient.csproj", "{DC826313-F9BA-4D58-BB9E-5F5C80F6A15A}"
EndProject
Global
	GlobalSection(SolutionConfigurationPlatforms) = preSolution
		Debug|Any CPU = Debug|Any CPU
		Debug|ARM = Debug|ARM
		Debug|ARM64 = Debug|ARM64
		Debug|x64 = Debug|x64
		Debug|x86 = Debug|x86
		Release|Any CPU = Release|Any CPU
		Release|ARM = Release|ARM
		Release|ARM64 = Release|ARM64
		Release|x64 = Release|x64
		Release|x86 = Release|x86
	EndGlobalSection
	GlobalSection(ProjectConfigurationPlatforms) = postSolution
		{881AA896-38DE-4AD0-86C0-D786B01CEEEE}.Debug|Any CPU.ActiveCfg = Debug|Any CPU
		{881AA896-38DE-4AD0-86C0-D786B01CEEEE}.Debug|Any CPU.Build.0 = Debug|Any CPU
		{881AA896-38DE-4AD0-86C0-D786B01CEEEE}.Debug|ARM.ActiveCfg = Debug|Any CPU
		{881AA896-38DE-4AD0-86C0-D786B01CEEEE}.Debug|ARM.Build.0 = Debug|Any CPU
		{881AA896-38DE-4AD0-86C0-D786B01CEEEE}.Debug|ARM64.ActiveCfg = Debug|Any CPU
		{881AA896-38DE-4AD0-86C0-D786B01CEEEE}.Debug|ARM64.Build.0 = Debug|Any CPU
		{881AA896-38DE-4AD0-86C0-D786B01CEEEE}.Debug|x64.ActiveCfg = Debug|Any CPU
		{881AA896-38DE-4AD0-86C0-D786B01CEEEE}.Debug|x64.Build.0 = Debug|Any CPU
		{881AA896-38DE-4AD0-86C0-D786B01CEEEE}.Debug|x86.ActiveCfg = Debug|Any CPU
		{881AA896-38DE-4AD0-86C0-D786B01CEEEE}.Debug|x86.Build.0 = Debug|Any CPU
		{881AA896-38DE-4AD0-86C0-D786B01CEEEE}.Release|Any CPU.ActiveCfg = Release|Any CPU
		{881AA896-38DE-4AD0-86C0-D786B01CEEEE}.Release|Any CPU.Build.0 = Release|Any CPU
		{881AA896-38DE-4AD0-86C0-D786B01CEEEE}.Release|ARM.ActiveCfg = Release|Any CPU
		{881AA896-38DE-4AD0-86C0-D786B01CEEEE}.Release|ARM.Build.0 = Release|Any CPU
		{881AA896-38DE-4AD0-86C0-D786B01CEEEE}.Release|ARM64.ActiveCfg = Release|Any CPU
		{881AA896-38DE-4AD0-86C0-D786B01CEEEE}.Release|ARM64.Build.0 = Release|Any CPU
		{881AA896-38DE-4AD0-86C0-D786B01CEEEE}.Release|x64.ActiveCfg = Release|Any CPU
		{881AA896-38DE-4AD0-86C0-D786B01CEEEE}.Release|x64.Build.0 = Release|Any CPU
		{881AA896-38DE-4AD0-86C0-D786B01CEEEE}.Release|x86.ActiveCfg = Release|Any CPU
		{881AA896-38DE-4AD0-86C0-D786B01CEEEE}.Release|x86.Build.0 = Release|Any CPU
		{DC826313-F9BA-4D58-BB9E-5F5C80F6A15A}.Debug|Any CPU.ActiveCfg = Debug|Any CPU
		{DC826313-F9BA-4D58-BB9E-5F5C80F6A15A}.Debug|Any CPU.Build.0 = Debug|Any CPU
		{DC826313-F9BA-4D58-BB9E-5F5C80F6A15A}.Debug|ARM.ActiveCfg = Debug|Any CPU
		{DC826313-F9BA-4D58-BB9E-5F5C80F6A15A}.Debug|ARM.Build.0 = Debug|Any CPU
		{DC826313-F9BA-4D58-BB9E-5F5C80F6A15A}.Debug|ARM64.ActiveCfg = Debug|Any CPU
		{DC826313-F9BA-4D58-BB9E-5F5C80F6A15A}.Debug|ARM64.Build.0 = Debug|Any CPU
		{DC826313-F9BA-4D58-BB9E-5F5C80F6A15A}.Debug|x64.ActiveCfg = Debug|Any CPU
		{DC826313-F9BA-4D58-BB9E-5F5C80F6A15A}.Debug|x64.Build.0 = Debug|Any CPU
		{DC826313-F9BA-4D58-BB9E-5F5C80F6A15A}.Debug|x86.ActiveCfg = Debug|Any CPU
		{DC826313-F9BA-4D58-BB9E-5F5C80F6A15A}.Debug|x86.Build.0 = Debug|Any CPU
		{DC826313-F9BA-4D58-BB9E-5F5C80F6A15A}.Release|Any CPU.ActiveCfg = Release|Any CPU
		{DC826313-F9BA-4D58-BB9E-5F5C80F6A15A}.Release|Any CPU.Build.0 = Release|Any CPU
		{DC826313-F9BA-4D58-BB9E-5F5C80F6A15A}.Release|ARM.ActiveCfg = Release|Any CPU
		{DC826313-F9BA-4D58-BB9E-5F5C80F6A15A}.Release|ARM.Build.0 = Release|Any CPU
		{DC826313-F9BA-4D58-BB9E-5F5C80F6A15A}.Release|ARM64.ActiveCfg = Release|Any CPU
		{DC826313-F9BA-4D58-BB9E-5F5C80F6A15A}.Release|ARM64.Build.0 = Release|Any CPU
		{DC826313-F9BA-4D58-BB9E-5F5C80F6A15A}.Release|x64.ActiveCfg = Release|Any CPU
		{DC826313-F9BA-4D58-BB9E-5F5C80F6A15A}.Release|x64.Build.0 = Release|Any CPU
		{DC826313-F9BA-4D58-BB9E-5F5C80F6A15A}.Release|x86.ActiveCfg = Release|Any CPU
		{DC826313-F9BA-4D58-BB9E-5F5C80F6A15A}.Release|x86.Build.0 = Release|Any CPU
	EndGlobalSection
	GlobalSection(SolutionProperties) = preSolution
		HideSolutionNode = FALSE
	EndGlobalSection
	GlobalSection(ExtensibilityGlobals) = postSolution
		SolutionGuid = {AFD98542-E783-4F03-86BB-E10749484F0B}
	EndGlobalSection
EndGlobal
